
Microsoft Visual Studio Solution File, Format Version 12.00
# Visual Studio Version 17
VisualStudioVersion = 17.9.34622.214
MinimumVisualStudioVersion = 10.0.40219.1
Project("{9A19103F-16F7-4668-BE54-9A1E7A4F7556}") = "ManagementPortalApp", "ManagementPortalApp\ManagementPortalApp.csproj", "{689BF209-13FD-47C4-9BD6-A0D895B2EA3A}"
EndProject
Project("{9A19103F-16F7-4668-BE54-9A1E7A4F7556}") = "ManagementPortalApi", "ManagementPortalApi\ManagementPortalApi.csproj", "{1A95BB5B-E2AB-4297-9227-62013A6488BF}"
EndProject
Global
	GlobalSection(SolutionConfigurationPlatforms) = preSolution
		Debug|Any CPU = Debug|Any CPU
		Release|Any CPU = Release|Any CPU
	EndGlobalSection
	GlobalSection(ProjectConfigurationPlatforms) = postSolution
		{689BF209-13FD-47C4-9BD6-A0D895B2EA3A}.Debug|Any CPU.ActiveCfg = Debug|Any CPU
		{689BF209-13FD-47C4-9BD6-A0D895B2EA3A}.Debug|Any CPU.Build.0 = Debug|Any CPU
		{689BF209-13FD-47C4-9BD6-A0D895B2EA3A}.Release|Any CPU.ActiveCfg = Release|Any CPU
		{689BF209-13FD-47C4-9BD6-A0D895B2EA3A}.Release|Any CPU.Build.0 = Release|Any CPU
		{1A95BB5B-E2AB-4297-9227-62013A6488BF}.Debug|Any CPU.ActiveCfg = Debug|Any CPU
		{1A95BB5B-E2AB-4297-9227-62013A6488BF}.Debug|Any CPU.Build.0 = Debug|Any CPU
		{1A95BB5B-E2AB-4297-9227-62013A6488BF}.Release|Any CPU.ActiveCfg = Release|Any CPU
		{1A95BB5B-E2AB-4297-9227-62013A6488BF}.Release|Any CPU.Build.0 = Release|Any CPU
	EndGlobalSection
	GlobalSection(SolutionProperties) = preSolution
		HideSolutionNode = FALSE
	EndGlobalSection
	GlobalSection(ExtensibilityGlobals) = postSolution
		SolutionGuid = {3C9DF774-B5F4-46C1-917A-4800FF214233}
	EndGlobalSection
EndGlobal
